// !$*UTF8*$!
{
	archiveVersion = 1;
	classes = {
	};
	objectVersion = 55;
	objects = {

/* Begin PBXBuildFile section */
		5534C7C627053C5A0072AC69 /* HomeReportApp.swift in Sources */ = {isa = PBXBuildFile; fileRef = 5534C7C527053C5A0072AC69 /* HomeReportApp.swift */; };
		5534C7CA27053C5D0072AC69 /* Assets.xcassets in Resources */ = {isa = PBXBuildFile; fileRef = 5534C7C927053C5D0072AC69 /* Assets.xcassets */; };
		5534C7CD27053C5D0072AC69 /* Preview Assets.xcassets in Resources */ = {isa = PBXBuildFile; fileRef = 5534C7CC27053C5D0072AC69 /* Preview Assets.xcassets */; };
		5534C7D727053C5D0072AC69 /* HomeReportTests.swift in Sources */ = {isa = PBXBuildFile; fileRef = 5534C7D627053C5D0072AC69 /* HomeReportTests.swift */; };
		5534C7E127053C5D0072AC69 /* HomeReportUITests.swift in Sources */ = {isa = PBXBuildFile; fileRef = 5534C7E027053C5D0072AC69 /* HomeReportUITests.swift */; };
		5534C7E327053C5D0072AC69 /* HomeReportUITestsLaunchTests.swift in Sources */ = {isa = PBXBuildFile; fileRef = 5534C7E227053C5D0072AC69 /* HomeReportUITestsLaunchTests.swift */; };
		5534C7F227053C8F0072AC69 /* HomeReport.xcdatamodeld in Sources */ = {isa = PBXBuildFile; fileRef = 5534C7F027053C8F0072AC69 /* HomeReport.xcdatamodeld */; };
		5534C7F427053C9C0072AC69 /* PersistenceManager.swift in Sources */ = {isa = PBXBuildFile; fileRef = 5534C7F327053C9C0072AC69 /* PersistenceManager.swift */; };
		5534C7F727053D290072AC69 /* HomeManager.swift in Sources */ = {isa = PBXBuildFile; fileRef = 5534C7F627053D290072AC69 /* HomeManager.swift */; };
		5534C7FA27053D520072AC69 /* MainTabView.swift in Sources */ = {isa = PBXBuildFile; fileRef = 5534C7F927053D520072AC69 /* MainTabView.swift */; };
		5534C7FC27053D710072AC69 /* HomeListView.swift in Sources */ = {isa = PBXBuildFile; fileRef = 5534C7FB27053D710072AC69 /* HomeListView.swift */; };
		5534C7FE27053D920072AC69 /* SummaryView.swift in Sources */ = {isa = PBXBuildFile; fileRef = 5534C7FD27053D920072AC69 /* SummaryView.swift */; };
		5534C80027053DB30072AC69 /* HomeCellView.swift in Sources */ = {isa = PBXBuildFile; fileRef = 5534C7FF27053DB30072AC69 /* HomeCellView.swift */; };
		5534C80227053DC70072AC69 /* SaleHistoryView.swift in Sources */ = {isa = PBXBuildFile; fileRef = 5534C80127053DC70072AC69 /* SaleHistoryView.swift */; };
		5534C80627053E6B0072AC69 /* homes_test.json in Resources */ = {isa = PBXBuildFile; fileRef = 5534C80427053E6B0072AC69 /* homes_test.json */; };
		5534C80727053E6B0072AC69 /* homes.json in Resources */ = {isa = PBXBuildFile; fileRef = 5534C80527053E6B0072AC69 /* homes.json */; };
		5534C81F27053EA60072AC69 /* 189900.jpg in Resources */ = {isa = PBXBuildFile; fileRef = 5534C80927053EA40072AC69 /* 189900.jpg */; };
		5534C82027053EA60072AC69 /* 285000.jpg in Resources */ = {isa = PBXBuildFile; fileRef = 5534C80A27053EA40072AC69 /* 285000.jpg */; };
		5534C82127053EA60072AC69 /* 900000.jpg in Resources */ = {isa = PBXBuildFile; fileRef = 5534C80B27053EA40072AC69 /* 900000.jpg */; };
		5534C82227053EA60072AC69 /* 763000.jpg in Resources */ = {isa = PBXBuildFile; fileRef = 5534C80C27053EA40072AC69 /* 763000.jpg */; };
		5534C82327053EA60072AC69 /* 787500.jpg in Resources */ = {isa = PBXBuildFile; fileRef = 5534C80D27053EA40072AC69 /* 787500.jpg */; };
		5534C82427053EA60072AC69 /* 1075000.jpg in Resources */ = {isa = PBXBuildFile; fileRef = 5534C80E27053EA40072AC69 /* 1075000.jpg */; };
		5534C82527053EA60072AC69 /* 1290000.jpg in Resources */ = {isa = PBXBuildFile; fileRef = 5534C80F27053EA40072AC69 /* 1290000.jpg */; };
		5534C82627053EA60072AC69 /* 813000.jpg in Resources */ = {isa = PBXBuildFile; fileRef = 5534C81027053EA40072AC69 /* 813000.jpg */; };
		5534C82727053EA60072AC69 /* 1698000.jpg in Resources */ = {isa = PBXBuildFile; fileRef = 5534C81127053EA50072AC69 /* 1698000.jpg */; };
		5534C82827053EA60072AC69 /* 165000.jpg in Resources */ = {isa = PBXBuildFile; fileRef = 5534C81227053EA50072AC69 /* 165000.jpg */; };
		5534C82927053EA60072AC69 /* 880000.jpg in Resources */ = {isa = PBXBuildFile; fileRef = 5534C81327053EA50072AC69 /* 880000.jpg */; };
		5534C82A27053EA60072AC69 /* 965000.jpg in Resources */ = {isa = PBXBuildFile; fileRef = 5534C81427053EA50072AC69 /* 965000.jpg */; };
		5534C82B27053EA60072AC69 /* 1660000.jpg in Resources */ = {isa = PBXBuildFile; fileRef = 5534C81527053EA50072AC69 /* 1660000.jpg */; };
		5534C82C27053EA60072AC69 /* 236200.jpg in Resources */ = {isa = PBXBuildFile; fileRef = 5534C81627053EA50072AC69 /* 236200.jpg */; };
		5534C82D27053EA60072AC69 /* 325000.jpg in Resources */ = {isa = PBXBuildFile; fileRef = 5534C81727053EA50072AC69 /* 325000.jpg */; };
		5534C82E27053EA60072AC69 /* 975000.jpg in Resources */ = {isa = PBXBuildFile; fileRef = 5534C81827053EA50072AC69 /* 975000.jpg */; };
		5534C82F27053EA60072AC69 /* 889000.jpg in Resources */ = {isa = PBXBuildFile; fileRef = 5534C81927053EA50072AC69 /* 889000.jpg */; };
		5534C83027053EA60072AC69 /* 430000.jpg in Resources */ = {isa = PBXBuildFile; fileRef = 5534C81A27053EA50072AC69 /* 430000.jpg */; };
		5534C83127053EA60072AC69 /* 295000.jpg in Resources */ = {isa = PBXBuildFile; fileRef = 5534C81B27053EA50072AC69 /* 295000.jpg */; };
		5534C83227053EA60072AC69 /* 247500.jpg in Resources */ = {isa = PBXBuildFile; fileRef = 5534C81C27053EA50072AC69 /* 247500.jpg */; };
		5534C83327053EA60072AC69 /* 289000.jpg in Resources */ = {isa = PBXBuildFile; fileRef = 5534C81D27053EA50072AC69 /* 289000.jpg */; };
		5534C83427053EA60072AC69 /* 575000.jpg in Resources */ = {isa = PBXBuildFile; fileRef = 5534C81E27053EA60072AC69 /* 575000.jpg */; };
		5534C83E270543990072AC69 /* Condo+CoreDataClass.swift in Sources */ = {isa = PBXBuildFile; fileRef = 5534C836270543990072AC69 /* Condo+CoreDataClass.swift */; };
		5534C83F270543990072AC69 /* Condo+CoreDataProperties.swift in Sources */ = {isa = PBXBuildFile; fileRef = 5534C837270543990072AC69 /* Condo+CoreDataProperties.swift */; };
		5534C840270543990072AC69 /* SaleHistory+CoreDataClass.swift in Sources */ = {isa = PBXBuildFile; fileRef = 5534C838270543990072AC69 /* SaleHistory+CoreDataClass.swift */; };
		5534C841270543990072AC69 /* SaleHistory+CoreDataProperties.swift in Sources */ = {isa = PBXBuildFile; fileRef = 5534C839270543990072AC69 /* SaleHistory+CoreDataProperties.swift */; };
		5534C842270543990072AC69 /* SingleFamily+CoreDataClass.swift in Sources */ = {isa = PBXBuildFile; fileRef = 5534C83A270543990072AC69 /* SingleFamily+CoreDataClass.swift */; };
		5534C843270543990072AC69 /* SingleFamily+CoreDataProperties.swift in Sources */ = {isa = PBXBuildFile; fileRef = 5534C83B270543990072AC69 /* SingleFamily+CoreDataProperties.swift */; };
		5534C844270543990072AC69 /* Home+CoreDataClass.swift in Sources */ = {isa = PBXBuildFile; fileRef = 5534C83C270543990072AC69 /* Home+CoreDataClass.swift */; };
		5534C845270543990072AC69 /* Home+CoreDataProperties.swift in Sources */ = {isa = PBXBuildFile; fileRef = 5534C83D270543990072AC69 /* Home+CoreDataProperties.swift */; };
		5534C848270546790072AC69 /* CodingUserInfoKey+Extension.swift in Sources */ = {isa = PBXBuildFile; fileRef = 5534C847270546790072AC69 /* CodingUserInfoKey+Extension.swift */; };
		5534C84A27056BA50072AC69 /* Home+Extension.swift in Sources */ = {isa = PBXBuildFile; fileRef = 5534C84927056BA50072AC69 /* Home+Extension.swift */; };
		5534C84C27056F940072AC69 /* Double+Extension.swift in Sources */ = {isa = PBXBuildFile; fileRef = 5534C84B27056F940072AC69 /* Double+Extension.swift */; };
		5534C84E27056FA90072AC69 /* Date+Extension.swift in Sources */ = {isa = PBXBuildFile; fileRef = 5534C84D27056FA90072AC69 /* Date+Extension.swift */; };
/* End PBXBuildFile section */

/* Begin PBXContainerItemProxy section */
		5534C7D327053C5D0072AC69 /* PBXContainerItemProxy */ = {
			isa = PBXContainerItemProxy;
			containerPortal = 5534C7BA27053C5A0072AC69 /* Project object */;
			proxyType = 1;
			remoteGlobalIDString = 5534C7C127053C5A0072AC69;
			remoteInfo = HomeReport;
		};
		5534C7DD27053C5D0072AC69 /* PBXContainerItemProxy */ = {
			isa = PBXContainerItemProxy;
			containerPortal = 5534C7BA27053C5A0072AC69 /* Project object */;
			proxyType = 1;
			remoteGlobalIDString = 5534C7C127053C5A0072AC69;
			remoteInfo = HomeReport;
		};
/* End PBXContainerItemProxy section */

/* Begin PBXFileReference section */
		5534C7C227053C5A0072AC69 /* HomeReport.app */ = {isa = PBXFileReference; explicitFileType = wrapper.application; includeInIndex = 0; path = HomeReport.app; sourceTree = BUILT_PRODUCTS_DIR; };
		5534C7C527053C5A0072AC69 /* HomeReportApp.swift */ = {isa = PBXFileReference; lastKnownFileType = sourcecode.swift; path = HomeReportApp.swift; sourceTree = "<group>"; };
		5534C7C927053C5D0072AC69 /* Assets.xcassets */ = {isa = PBXFileReference; lastKnownFileType = folder.assetcatalog; path = Assets.xcassets; sourceTree = "<group>"; };
		5534C7CC27053C5D0072AC69 /* Preview Assets.xcassets */ = {isa = PBXFileReference; lastKnownFileType = folder.assetcatalog; path = "Preview Assets.xcassets"; sourceTree = "<group>"; };
		5534C7D227053C5D0072AC69 /* HomeReportTests.xctest */ = {isa = PBXFileReference; explicitFileType = wrapper.cfbundle; includeInIndex = 0; path = HomeReportTests.xctest; sourceTree = BUILT_PRODUCTS_DIR; };
		5534C7D627053C5D0072AC69 /* HomeReportTests.swift */ = {isa = PBXFileReference; lastKnownFileType = sourcecode.swift; path = HomeReportTests.swift; sourceTree = "<group>"; };
		5534C7DC27053C5D0072AC69 /* HomeReportUITests.xctest */ = {isa = PBXFileReference; explicitFileType = wrapper.cfbundle; includeInIndex = 0; path = HomeReportUITests.xctest; sourceTree = BUILT_PRODUCTS_DIR; };
		5534C7E027053C5D0072AC69 /* HomeReportUITests.swift */ = {isa = PBXFileReference; lastKnownFileType = sourcecode.swift; path = HomeReportUITests.swift; sourceTree = "<group>"; };
		5534C7E227053C5D0072AC69 /* HomeReportUITestsLaunchTests.swift */ = {isa = PBXFileReference; lastKnownFileType = sourcecode.swift; path = HomeReportUITestsLaunchTests.swift; sourceTree = "<group>"; };
		5534C7F127053C8F0072AC69 /* HomeReport.xcdatamodel */ = {isa = PBXFileReference; lastKnownFileType = wrapper.xcdatamodel; path = HomeReport.xcdatamodel; sourceTree = "<group>"; };
		5534C7F327053C9C0072AC69 /* PersistenceManager.swift */ = {isa = PBXFileReference; lastKnownFileType = sourcecode.swift; path = PersistenceManager.swift; sourceTree = "<group>"; };
		5534C7F627053D290072AC69 /* HomeManager.swift */ = {isa = PBXFileReference; lastKnownFileType = sourcecode.swift; path = HomeManager.swift; sourceTree = "<group>"; };
		5534C7F927053D520072AC69 /* MainTabView.swift */ = {isa = PBXFileReference; lastKnownFileType = sourcecode.swift; path = MainTabView.swift; sourceTree = "<group>"; };
		5534C7FB27053D710072AC69 /* HomeListView.swift */ = {isa = PBXFileReference; lastKnownFileType = sourcecode.swift; path = HomeListView.swift; sourceTree = "<group>"; };
		5534C7FD27053D920072AC69 /* SummaryView.swift */ = {isa = PBXFileReference; lastKnownFileType = sourcecode.swift; path = SummaryView.swift; sourceTree = "<group>"; };
		5534C7FF27053DB30072AC69 /* HomeCellView.swift */ = {isa = PBXFileReference; lastKnownFileType = sourcecode.swift; path = HomeCellView.swift; sourceTree = "<group>"; };
		5534C80127053DC70072AC69 /* SaleHistoryView.swift */ = {isa = PBXFileReference; lastKnownFileType = sourcecode.swift; path = SaleHistoryView.swift; sourceTree = "<group>"; };
		5534C80427053E6B0072AC69 /* homes_test.json */ = {isa = PBXFileReference; fileEncoding = 4; lastKnownFileType = text.json; path = homes_test.json; sourceTree = "<group>"; };
		5534C80527053E6B0072AC69 /* homes.json */ = {isa = PBXFileReference; fileEncoding = 4; lastKnownFileType = text.json; path = homes.json; sourceTree = "<group>"; };
		5534C80927053EA40072AC69 /* 189900.jpg */ = {isa = PBXFileReference; lastKnownFileType = image.jpeg; path = 189900.jpg; sourceTree = "<group>"; };
		5534C80A27053EA40072AC69 /* 285000.jpg */ = {isa = PBXFileReference; lastKnownFileType = image.jpeg; path = 285000.jpg; sourceTree = "<group>"; };
		5534C80B27053EA40072AC69 /* 900000.jpg */ = {isa = PBXFileReference; lastKnownFileType = image.jpeg; path = 900000.jpg; sourceTree = "<group>"; };
		5534C80C27053EA40072AC69 /* 763000.jpg */ = {isa = PBXFileReference; lastKnownFileType = image.jpeg; path = 763000.jpg; sourceTree = "<group>"; };
		5534C80D27053EA40072AC69 /* 787500.jpg */ = {isa = PBXFileReference; lastKnownFileType = image.jpeg; path = 787500.jpg; sourceTree = "<group>"; };
		5534C80E27053EA40072AC69 /* 1075000.jpg */ = {isa = PBXFileReference; lastKnownFileType = image.jpeg; path = 1075000.jpg; sourceTree = "<group>"; };
		5534C80F27053EA40072AC69 /* 1290000.jpg */ = {isa = PBXFileReference; lastKnownFileType = image.jpeg; path = 1290000.jpg; sourceTree = "<group>"; };
		5534C81027053EA40072AC69 /* 813000.jpg */ = {isa = PBXFileReference; lastKnownFileType = image.jpeg; path = 813000.jpg; sourceTree = "<group>"; };
		5534C81127053EA50072AC69 /* 1698000.jpg */ = {isa = PBXFileReference; lastKnownFileType = image.jpeg; path = 1698000.jpg; sourceTree = "<group>"; };
		5534C81227053EA50072AC69 /* 165000.jpg */ = {isa = PBXFileReference; lastKnownFileType = image.jpeg; path = 165000.jpg; sourceTree = "<group>"; };
		5534C81327053EA50072AC69 /* 880000.jpg */ = {isa = PBXFileReference; lastKnownFileType = image.jpeg; path = 880000.jpg; sourceTree = "<group>"; };
		5534C81427053EA50072AC69 /* 965000.jpg */ = {isa = PBXFileReference; lastKnownFileType = image.jpeg; path = 965000.jpg; sourceTree = "<group>"; };
		5534C81527053EA50072AC69 /* 1660000.jpg */ = {isa = PBXFileReference; lastKnownFileType = image.jpeg; path = 1660000.jpg; sourceTree = "<group>"; };
		5534C81627053EA50072AC69 /* 236200.jpg */ = {isa = PBXFileReference; lastKnownFileType = image.jpeg; path = 236200.jpg; sourceTree = "<group>"; };
		5534C81727053EA50072AC69 /* 325000.jpg */ = {isa = PBXFileReference; lastKnownFileType = image.jpeg; path = 325000.jpg; sourceTree = "<group>"; };
		5534C81827053EA50072AC69 /* 975000.jpg */ = {isa = PBXFileReference; lastKnownFileType = image.jpeg; path = 975000.jpg; sourceTree = "<group>"; };
		5534C81927053EA50072AC69 /* 889000.jpg */ = {isa = PBXFileReference; lastKnownFileType = image.jpeg; path = 889000.jpg; sourceTree = "<group>"; };
		5534C81A27053EA50072AC69 /* 430000.jpg */ = {isa = PBXFileReference; lastKnownFileType = image.jpeg; path = 430000.jpg; sourceTree = "<group>"; };
		5534C81B27053EA50072AC69 /* 295000.jpg */ = {isa = PBXFileReference; lastKnownFileType = image.jpeg; path = 295000.jpg; sourceTree = "<group>"; };
		5534C81C27053EA50072AC69 /* 247500.jpg */ = {isa = PBXFileReference; lastKnownFileType = image.jpeg; path = 247500.jpg; sourceTree = "<group>"; };
		5534C81D27053EA50072AC69 /* 289000.jpg */ = {isa = PBXFileReference; lastKnownFileType = image.jpeg; path = 289000.jpg; sourceTree = "<group>"; };
		5534C81E27053EA60072AC69 /* 575000.jpg */ = {isa = PBXFileReference; lastKnownFileType = image.jpeg; path = 575000.jpg; sourceTree = "<group>"; };
		5534C836270543990072AC69 /* Condo+CoreDataClass.swift */ = {isa = PBXFileReference; lastKnownFileType = sourcecode.swift; path = "Condo+CoreDataClass.swift"; sourceTree = "<group>"; };
		5534C837270543990072AC69 /* Condo+CoreDataProperties.swift */ = {isa = PBXFileReference; lastKnownFileType = sourcecode.swift; path = "Condo+CoreDataProperties.swift"; sourceTree = "<group>"; };
		5534C838270543990072AC69 /* SaleHistory+CoreDataClass.swift */ = {isa = PBXFileReference; lastKnownFileType = sourcecode.swift; path = "SaleHistory+CoreDataClass.swift"; sourceTree = "<group>"; };
		5534C839270543990072AC69 /* SaleHistory+CoreDataProperties.swift */ = {isa = PBXFileReference; lastKnownFileType = sourcecode.swift; path = "SaleHistory+CoreDataProperties.swift"; sourceTree = "<group>"; };
		5534C83A270543990072AC69 /* SingleFamily+CoreDataClass.swift */ = {isa = PBXFileReference; lastKnownFileType = sourcecode.swift; path = "SingleFamily+CoreDataClass.swift"; sourceTree = "<group>"; };
		5534C83B270543990072AC69 /* SingleFamily+CoreDataProperties.swift */ = {isa = PBXFileReference; lastKnownFileType = sourcecode.swift; path = "SingleFamily+CoreDataProperties.swift"; sourceTree = "<group>"; };
		5534C83C270543990072AC69 /* Home+CoreDataClass.swift */ = {isa = PBXFileReference; lastKnownFileType = sourcecode.swift; path = "Home+CoreDataClass.swift"; sourceTree = "<group>"; };
		5534C83D270543990072AC69 /* Home+CoreDataProperties.swift */ = {isa = PBXFileReference; lastKnownFileType = sourcecode.swift; path = "Home+CoreDataProperties.swift"; sourceTree = "<group>"; };
		5534C847270546790072AC69 /* CodingUserInfoKey+Extension.swift */ = {isa = PBXFileReference; lastKnownFileType = sourcecode.swift; path = "CodingUserInfoKey+Extension.swift"; sourceTree = "<group>"; };
		5534C84927056BA50072AC69 /* Home+Extension.swift */ = {isa = PBXFileReference; lastKnownFileType = sourcecode.swift; path = "Home+Extension.swift"; sourceTree = "<group>"; };
		5534C84B27056F940072AC69 /* Double+Extension.swift */ = {isa = PBXFileReference; lastKnownFileType = sourcecode.swift; path = "Double+Extension.swift"; sourceTree = "<group>"; };
		5534C84D27056FA90072AC69 /* Date+Extension.swift */ = {isa = PBXFileReference; lastKnownFileType = sourcecode.swift; path = "Date+Extension.swift"; sourceTree = "<group>"; };
		55F9CF3627065DDA001CE53C /* README.md */ = {isa = PBXFileReference; lastKnownFileType = net.daringfireball.markdown; path = README.md; sourceTree = "<group>"; };
/* End PBXFileReference section */

/* Begin PBXFrameworksBuildPhase section */
		5534C7BF27053C5A0072AC69 /* Frameworks */ = {
			isa = PBXFrameworksBuildPhase;
			buildActionMask = 2147483647;
			files = (
			);
			runOnlyForDeploymentPostprocessing = 0;
		};
		5534C7CF27053C5D0072AC69 /* Frameworks */ = {
			isa = PBXFrameworksBuildPhase;
			buildActionMask = 2147483647;
			files = (
			);
			runOnlyForDeploymentPostprocessing = 0;
		};
		5534C7D927053C5D0072AC69 /* Frameworks */ = {
			isa = PBXFrameworksBuildPhase;
			buildActionMask = 2147483647;
			files = (
			);
			runOnlyForDeploymentPostprocessing = 0;
		};
/* End PBXFrameworksBuildPhase section */

/* Begin PBXGroup section */
		5534C7B927053C5A0072AC69 = {
			isa = PBXGroup;
			children = (
				55F9CF3627065DDA001CE53C /* README.md */,
				5534C7C427053C5A0072AC69 /* HomeReport */,
				5534C7D527053C5D0072AC69 /* HomeReportTests */,
				5534C7DF27053C5D0072AC69 /* HomeReportUITests */,
				5534C7C327053C5A0072AC69 /* Products */,
			);
			sourceTree = "<group>";
		};
		5534C7C327053C5A0072AC69 /* Products */ = {
			isa = PBXGroup;
			children = (
				5534C7C227053C5A0072AC69 /* HomeReport.app */,
				5534C7D227053C5D0072AC69 /* HomeReportTests.xctest */,
				5534C7DC27053C5D0072AC69 /* HomeReportUITests.xctest */,
			);
			name = Products;
			sourceTree = "<group>";
		};
		5534C7C427053C5A0072AC69 /* HomeReport */ = {
			isa = PBXGroup;
			children = (
				5534C7C527053C5A0072AC69 /* HomeReportApp.swift */,
				5534C8462705465E0072AC69 /* Extensions */,
				5534C7EF27053C810072AC69 /* Data */,
				5534C8352705437F0072AC69 /* Models */,
				5534C7F527053D1E0072AC69 /* Services */,
				5534C7F827053D3F0072AC69 /* Views */,
				5534C7C927053C5D0072AC69 /* Assets.xcassets */,
				5534C80327053E540072AC69 /* Resources */,
				5534C7CB27053C5D0072AC69 /* Preview Content */,
			);
			path = HomeReport;
			sourceTree = "<group>";
		};
		5534C7CB27053C5D0072AC69 /* Preview Content */ = {
			isa = PBXGroup;
			children = (
				5534C7CC27053C5D0072AC69 /* Preview Assets.xcassets */,
			);
			path = "Preview Content";
			sourceTree = "<group>";
		};
		5534C7D527053C5D0072AC69 /* HomeReportTests */ = {
			isa = PBXGroup;
			children = (
				5534C7D627053C5D0072AC69 /* HomeReportTests.swift */,
			);
			path = HomeReportTests;
			sourceTree = "<group>";
		};
		5534C7DF27053C5D0072AC69 /* HomeReportUITests */ = {
			isa = PBXGroup;
			children = (
				5534C7E027053C5D0072AC69 /* HomeReportUITests.swift */,
				5534C7E227053C5D0072AC69 /* HomeReportUITestsLaunchTests.swift */,
			);
			path = HomeReportUITests;
			sourceTree = "<group>";
		};
		5534C7EF27053C810072AC69 /* Data */ = {
			isa = PBXGroup;
			children = (
				5534C7F327053C9C0072AC69 /* PersistenceManager.swift */,
				5534C7F027053C8F0072AC69 /* HomeReport.xcdatamodeld */,
			);
			path = Data;
			sourceTree = "<group>";
		};
		5534C7F527053D1E0072AC69 /* Services */ = {
			isa = PBXGroup;
			children = (
				5534C7F627053D290072AC69 /* HomeManager.swift */,
			);
			path = Services;
			sourceTree = "<group>";
		};
		5534C7F827053D3F0072AC69 /* Views */ = {
			isa = PBXGroup;
			children = (
				5534C7F927053D520072AC69 /* MainTabView.swift */,
				5534C7FB27053D710072AC69 /* HomeListView.swift */,
				5534C7FD27053D920072AC69 /* SummaryView.swift */,
				5534C7FF27053DB30072AC69 /* HomeCellView.swift */,
				5534C80127053DC70072AC69 /* SaleHistoryView.swift */,
			);
			path = Views;
			sourceTree = "<group>";
		};
		5534C80327053E540072AC69 /* Resources */ = {
			isa = PBXGroup;
			children = (
				5534C80827053E940072AC69 /* Images */,
				5534C80427053E6B0072AC69 /* homes_test.json */,
				5534C80527053E6B0072AC69 /* homes.json */,
			);
			path = Resources;
			sourceTree = "<group>";
		};
		5534C80827053E940072AC69 /* Images */ = {
			isa = PBXGroup;
			children = (
				5534C81227053EA50072AC69 /* 165000.jpg */,
				5534C80927053EA40072AC69 /* 189900.jpg */,
				5534C81627053EA50072AC69 /* 236200.jpg */,
				5534C81C27053EA50072AC69 /* 247500.jpg */,
				5534C80A27053EA40072AC69 /* 285000.jpg */,
				5534C81D27053EA50072AC69 /* 289000.jpg */,
				5534C81B27053EA50072AC69 /* 295000.jpg */,
				5534C81727053EA50072AC69 /* 325000.jpg */,
				5534C81A27053EA50072AC69 /* 430000.jpg */,
				5534C81E27053EA60072AC69 /* 575000.jpg */,
				5534C80C27053EA40072AC69 /* 763000.jpg */,
				5534C80D27053EA40072AC69 /* 787500.jpg */,
				5534C81027053EA40072AC69 /* 813000.jpg */,
				5534C81327053EA50072AC69 /* 880000.jpg */,
				5534C81927053EA50072AC69 /* 889000.jpg */,
				5534C80B27053EA40072AC69 /* 900000.jpg */,
				5534C81427053EA50072AC69 /* 965000.jpg */,
				5534C81827053EA50072AC69 /* 975000.jpg */,
				5534C80E27053EA40072AC69 /* 1075000.jpg */,
				5534C80F27053EA40072AC69 /* 1290000.jpg */,
				5534C81527053EA50072AC69 /* 1660000.jpg */,
				5534C81127053EA50072AC69 /* 1698000.jpg */,
			);
			path = Images;
			sourceTree = "<group>";
		};
		5534C8352705437F0072AC69 /* Models */ = {
			isa = PBXGroup;
			children = (
				5534C83C270543990072AC69 /* Home+CoreDataClass.swift */,
				5534C83D270543990072AC69 /* Home+CoreDataProperties.swift */,
				5534C83A270543990072AC69 /* SingleFamily+CoreDataClass.swift */,
				5534C83B270543990072AC69 /* SingleFamily+CoreDataProperties.swift */,
				5534C836270543990072AC69 /* Condo+CoreDataClass.swift */,
				5534C837270543990072AC69 /* Condo+CoreDataProperties.swift */,
				5534C838270543990072AC69 /* SaleHistory+CoreDataClass.swift */,
				5534C839270543990072AC69 /* SaleHistory+CoreDataProperties.swift */,
			);
			path = Models;
			sourceTree = "<group>";
		};
		5534C8462705465E0072AC69 /* Extensions */ = {
			isa = PBXGroup;
			children = (
				5534C847270546790072AC69 /* CodingUserInfoKey+Extension.swift */,
				5534C84927056BA50072AC69 /* Home+Extension.swift */,
				5534C84B27056F940072AC69 /* Double+Extension.swift */,
				5534C84D27056FA90072AC69 /* Date+Extension.swift */,
			);
			path = Extensions;
			sourceTree = "<group>";
		};
/* End PBXGroup section */

/* Begin PBXNativeTarget section */
		5534C7C127053C5A0072AC69 /* HomeReport */ = {
			isa = PBXNativeTarget;
			buildConfigurationList = 5534C7E627053C5D0072AC69 /* Build configuration list for PBXNativeTarget "HomeReport" */;
			buildPhases = (
				5534C7BE27053C5A0072AC69 /* Sources */,
				5534C7BF27053C5A0072AC69 /* Frameworks */,
				5534C7C027053C5A0072AC69 /* Resources */,
			);
			buildRules = (
			);
			dependencies = (
			);
			name = HomeReport;
			productName = HomeReport;
			productReference = 5534C7C227053C5A0072AC69 /* HomeReport.app */;
			productType = "com.apple.product-type.application";
		};
		5534C7D127053C5D0072AC69 /* HomeReportTests */ = {
			isa = PBXNativeTarget;
			buildConfigurationList = 5534C7E927053C5D0072AC69 /* Build configuration list for PBXNativeTarget "HomeReportTests" */;
			buildPhases = (
				5534C7CE27053C5D0072AC69 /* Sources */,
				5534C7CF27053C5D0072AC69 /* Frameworks */,
				5534C7D027053C5D0072AC69 /* Resources */,
			);
			buildRules = (
			);
			dependencies = (
				5534C7D427053C5D0072AC69 /* PBXTargetDependency */,
			);
			name = HomeReportTests;
			productName = HomeReportTests;
			productReference = 5534C7D227053C5D0072AC69 /* HomeReportTests.xctest */;
			productType = "com.apple.product-type.bundle.unit-test";
		};
		5534C7DB27053C5D0072AC69 /* HomeReportUITests */ = {
			isa = PBXNativeTarget;
			buildConfigurationList = 5534C7EC27053C5D0072AC69 /* Build configuration list for PBXNativeTarget "HomeReportUITests" */;
			buildPhases = (
				5534C7D827053C5D0072AC69 /* Sources */,
				5534C7D927053C5D0072AC69 /* Frameworks */,
				5534C7DA27053C5D0072AC69 /* Resources */,
			);
			buildRules = (
			);
			dependencies = (
				5534C7DE27053C5D0072AC69 /* PBXTargetDependency */,
			);
			name = HomeReportUITests;
			productName = HomeReportUITests;
			productReference = 5534C7DC27053C5D0072AC69 /* HomeReportUITests.xctest */;
			productType = "com.apple.product-type.bundle.ui-testing";
		};
/* End PBXNativeTarget section */

/* Begin PBXProject section */
		5534C7BA27053C5A0072AC69 /* Project object */ = {
			isa = PBXProject;
			attributes = {
				BuildIndependentTargetsInParallel = 1;
				LastSwiftUpdateCheck = 1300;
				LastUpgradeCheck = 1300;
				TargetAttributes = {
					5534C7C127053C5A0072AC69 = {
						CreatedOnToolsVersion = 13.0;
					};
					5534C7D127053C5D0072AC69 = {
						CreatedOnToolsVersion = 13.0;
						TestTargetID = 5534C7C127053C5A0072AC69;
					};
					5534C7DB27053C5D0072AC69 = {
						CreatedOnToolsVersion = 13.0;
						TestTargetID = 5534C7C127053C5A0072AC69;
					};
				};
			};
			buildConfigurationList = 5534C7BD27053C5A0072AC69 /* Build configuration list for PBXProject "HomeReport" */;
			compatibilityVersion = "Xcode 13.0";
			developmentRegion = en;
			hasScannedForEncodings = 0;
			knownRegions = (
				en,
				Base,
			);
			mainGroup = 5534C7B927053C5A0072AC69;
			productRefGroup = 5534C7C327053C5A0072AC69 /* Products */;
			projectDirPath = "";
			projectRoot = "";
			targets = (
				5534C7C127053C5A0072AC69 /* HomeReport */,
				5534C7D127053C5D0072AC69 /* HomeReportTests */,
				5534C7DB27053C5D0072AC69 /* HomeReportUITests */,
			);
		};
/* End PBXProject section */

/* Begin PBXResourcesBuildPhase section */
		5534C7C027053C5A0072AC69 /* Resources */ = {
			isa = PBXResourcesBuildPhase;
			buildActionMask = 2147483647;
			files = (
				5534C82027053EA60072AC69 /* 285000.jpg in Resources */,
				5534C83327053EA60072AC69 /* 289000.jpg in Resources */,
				5534C82527053EA60072AC69 /* 1290000.jpg in Resources */,
				5534C82227053EA60072AC69 /* 763000.jpg in Resources */,
				5534C82827053EA60072AC69 /* 165000.jpg in Resources */,
				5534C7CD27053C5D0072AC69 /* Preview Assets.xcassets in Resources */,
				5534C82B27053EA60072AC69 /* 1660000.jpg in Resources */,
				5534C83027053EA60072AC69 /* 430000.jpg in Resources */,
				5534C82E27053EA60072AC69 /* 975000.jpg in Resources */,
				5534C82D27053EA60072AC69 /* 325000.jpg in Resources */,
				5534C82927053EA60072AC69 /* 880000.jpg in Resources */,
				5534C81F27053EA60072AC69 /* 189900.jpg in Resources */,
				5534C83227053EA60072AC69 /* 247500.jpg in Resources */,
				5534C82F27053EA60072AC69 /* 889000.jpg in Resources */,
				5534C83427053EA60072AC69 /* 575000.jpg in Resources */,
				5534C82627053EA60072AC69 /* 813000.jpg in Resources */,
				5534C83127053EA60072AC69 /* 295000.jpg in Resources */,
				5534C82327053EA60072AC69 /* 787500.jpg in Resources */,
				5534C7CA27053C5D0072AC69 /* Assets.xcassets in Resources */,
				5534C82727053EA60072AC69 /* 1698000.jpg in Resources */,
				5534C80727053E6B0072AC69 /* homes.json in Resources */,
				5534C82427053EA60072AC69 /* 1075000.jpg in Resources */,
				5534C82A27053EA60072AC69 /* 965000.jpg in Resources */,
				5534C80627053E6B0072AC69 /* homes_test.json in Resources */,
				5534C82C27053EA60072AC69 /* 236200.jpg in Resources */,
				5534C82127053EA60072AC69 /* 900000.jpg in Resources */,
			);
			runOnlyForDeploymentPostprocessing = 0;
		};
		5534C7D027053C5D0072AC69 /* Resources */ = {
			isa = PBXResourcesBuildPhase;
			buildActionMask = 2147483647;
			files = (
			);
			runOnlyForDeploymentPostprocessing = 0;
		};
		5534C7DA27053C5D0072AC69 /* Resources */ = {
			isa = PBXResourcesBuildPhase;
			buildActionMask = 2147483647;
			files = (
			);
			runOnlyForDeploymentPostprocessing = 0;
		};
/* End PBXResourcesBuildPhase section */

/* Begin PBXSourcesBuildPhase section */
		5534C7BE27053C5A0072AC69 /* Sources */ = {
			isa = PBXSourcesBuildPhase;
			buildActionMask = 2147483647;
			files = (
				5534C84A27056BA50072AC69 /* Home+Extension.swift in Sources */,
				5534C844270543990072AC69 /* Home+CoreDataClass.swift in Sources */,
				5534C843270543990072AC69 /* SingleFamily+CoreDataProperties.swift in Sources */,
				5534C842270543990072AC69 /* SingleFamily+CoreDataClass.swift in Sources */,
				5534C80027053DB30072AC69 /* HomeCellView.swift in Sources */,
				5534C840270543990072AC69 /* SaleHistory+CoreDataClass.swift in Sources */,
				5534C7F227053C8F0072AC69 /* HomeReport.xcdatamodeld in Sources */,
				5534C7FC27053D710072AC69 /* HomeListView.swift in Sources */,
				5534C84C27056F940072AC69 /* Double+Extension.swift in Sources */,
				5534C7F727053D290072AC69 /* HomeManager.swift in Sources */,
				5534C7C627053C5A0072AC69 /* HomeReportApp.swift in Sources */,
				5534C84E27056FA90072AC69 /* Date+Extension.swift in Sources */,
				5534C7FE27053D920072AC69 /* SummaryView.swift in Sources */,
				5534C7F427053C9C0072AC69 /* PersistenceManager.swift in Sources */,
				5534C845270543990072AC69 /* Home+CoreDataProperties.swift in Sources */,
				5534C848270546790072AC69 /* CodingUserInfoKey+Extension.swift in Sources */,
				5534C83F270543990072AC69 /* Condo+CoreDataProperties.swift in Sources */,
				5534C841270543990072AC69 /* SaleHistory+CoreDataProperties.swift in Sources */,
				5534C83E270543990072AC69 /* Condo+CoreDataClass.swift in Sources */,
				5534C80227053DC70072AC69 /* SaleHistoryView.swift in Sources */,
				5534C7FA27053D520072AC69 /* MainTabView.swift in Sources */,
			);
			runOnlyForDeploymentPostprocessing = 0;
		};
		5534C7CE27053C5D0072AC69 /* Sources */ = {
			isa = PBXSourcesBuildPhase;
			buildActionMask = 2147483647;
			files = (
				5534C7D727053C5D0072AC69 /* HomeReportTests.swift in Sources */,
			);
			runOnlyForDeploymentPostprocessing = 0;
		};
		5534C7D827053C5D0072AC69 /* Sources */ = {
			isa = PBXSourcesBuildPhase;
			buildActionMask = 2147483647;
			files = (
				5534C7E127053C5D0072AC69 /* HomeReportUITests.swift in Sources */,
				5534C7E327053C5D0072AC69 /* HomeReportUITestsLaunchTests.swift in Sources */,
			);
			runOnlyForDeploymentPostprocessing = 0;
		};
/* End PBXSourcesBuildPhase section */

/* Begin PBXTargetDependency section */
		5534C7D427053C5D0072AC69 /* PBXTargetDependency */ = {
			isa = PBXTargetDependency;
			target = 5534C7C127053C5A0072AC69 /* HomeReport */;
			targetProxy = 5534C7D327053C5D0072AC69 /* PBXContainerItemProxy */;
		};
		5534C7DE27053C5D0072AC69 /* PBXTargetDependency */ = {
			isa = PBXTargetDependency;
			target = 5534C7C127053C5A0072AC69 /* HomeReport */;
			targetProxy = 5534C7DD27053C5D0072AC69 /* PBXContainerItemProxy */;
		};
/* End PBXTargetDependency section */

/* Begin XCBuildConfiguration section */
		5534C7E427053C5D0072AC69 /* Debug */ = {
			isa = XCBuildConfiguration;
			buildSettings = {
				ALWAYS_SEARCH_USER_PATHS = NO;
				CLANG_ANALYZER_NONNULL = YES;
				CLANG_ANALYZER_NUMBER_OBJECT_CONVERSION = YES_AGGRESSIVE;
				CLANG_CXX_LANGUAGE_STANDARD = "gnu++17";
				CLANG_CXX_LIBRARY = "libc++";
				CLANG_ENABLE_MODULES = YES;
				CLANG_ENABLE_OBJC_ARC = YES;
				CLANG_ENABLE_OBJC_WEAK = YES;
				CLANG_WARN_BLOCK_CAPTURE_AUTORELEASING = YES;
				CLANG_WARN_BOOL_CONVERSION = YES;
				CLANG_WARN_COMMA = YES;
				CLANG_WARN_CONSTANT_CONVERSION = YES;
				CLANG_WARN_DEPRECATED_OBJC_IMPLEMENTATIONS = YES;
				CLANG_WARN_DIRECT_OBJC_ISA_USAGE = YES_ERROR;
				CLANG_WARN_DOCUMENTATION_COMMENTS = YES;
				CLANG_WARN_EMPTY_BODY = YES;
				CLANG_WARN_ENUM_CONVERSION = YES;
				CLANG_WARN_INFINITE_RECURSION = YES;
				CLANG_WARN_INT_CONVERSION = YES;
				CLANG_WARN_NON_LITERAL_NULL_CONVERSION = YES;
				CLANG_WARN_OBJC_IMPLICIT_RETAIN_SELF = YES;
				CLANG_WARN_OBJC_LITERAL_CONVERSION = YES;
				CLANG_WARN_OBJC_ROOT_CLASS = YES_ERROR;
				CLANG_WARN_QUOTED_INCLUDE_IN_FRAMEWORK_HEADER = YES;
				CLANG_WARN_RANGE_LOOP_ANALYSIS = YES;
				CLANG_WARN_STRICT_PROTOTYPES = YES;
				CLANG_WARN_SUSPICIOUS_MOVE = YES;
				CLANG_WARN_UNGUARDED_AVAILABILITY = YES_AGGRESSIVE;
				CLANG_WARN_UNREACHABLE_CODE = YES;
				CLANG_WARN__DUPLICATE_METHOD_MATCH = YES;
				COPY_PHASE_STRIP = NO;
				DEBUG_INFORMATION_FORMAT = dwarf;
				ENABLE_STRICT_OBJC_MSGSEND = YES;
				ENABLE_TESTABILITY = YES;
				GCC_C_LANGUAGE_STANDARD = gnu11;
				GCC_DYNAMIC_NO_PIC = NO;
				GCC_NO_COMMON_BLOCKS = YES;
				GCC_OPTIMIZATION_LEVEL = 0;
				GCC_PREPROCESSOR_DEFINITIONS = (
					"DEBUG=1",
					"$(inherited)",
				);
				GCC_WARN_64_TO_32_BIT_CONVERSION = YES;
				GCC_WARN_ABOUT_RETURN_TYPE = YES_ERROR;
				GCC_WARN_UNDECLARED_SELECTOR = YES;
				GCC_WARN_UNINITIALIZED_AUTOS = YES_AGGRESSIVE;
				GCC_WARN_UNUSED_FUNCTION = YES;
				GCC_WARN_UNUSED_VARIABLE = YES;
				IPHONEOS_DEPLOYMENT_TARGET = 15.0;
				MTL_ENABLE_DEBUG_INFO = INCLUDE_SOURCE;
				MTL_FAST_MATH = YES;
				ONLY_ACTIVE_ARCH = YES;
				SDKROOT = iphoneos;
				SWIFT_ACTIVE_COMPILATION_CONDITIONS = DEBUG;
				SWIFT_OPTIMIZATION_LEVEL = "-Onone";
			};
			name = Debug;
		};
		5534C7E527053C5D0072AC69 /* Release */ = {
			isa = XCBuildConfiguration;
			buildSettings = {
				ALWAYS_SEARCH_USER_PATHS = NO;
				CLANG_ANALYZER_NONNULL = YES;
				CLANG_ANALYZER_NUMBER_OBJECT_CONVERSION = YES_AGGRESSIVE;
				CLANG_CXX_LANGUAGE_STANDARD = "gnu++17";
				CLANG_CXX_LIBRARY = "libc++";
				CLANG_ENABLE_MODULES = YES;
				CLANG_ENABLE_OBJC_ARC = YES;
				CLANG_ENABLE_OBJC_WEAK = YES;
				CLANG_WARN_BLOCK_CAPTURE_AUTORELEASING = YES;
				CLANG_WARN_BOOL_CONVERSION = YES;
				CLANG_WARN_COMMA = YES;
				CLANG_WARN_CONSTANT_CONVERSION = YES;
				CLANG_WARN_DEPRECATED_OBJC_IMPLEMENTATIONS = YES;
				CLANG_WARN_DIRECT_OBJC_ISA_USAGE = YES_ERROR;
				CLANG_WARN_DOCUMENTATION_COMMENTS = YES;
				CLANG_WARN_EMPTY_BODY = YES;
				CLANG_WARN_ENUM_CONVERSION = YES;
				CLANG_WARN_INFINITE_RECURSION = YES;
				CLANG_WARN_INT_CONVERSION = YES;
				CLANG_WARN_NON_LITERAL_NULL_CONVERSION = YES;
				CLANG_WARN_OBJC_IMPLICIT_RETAIN_SELF = YES;
				CLANG_WARN_OBJC_LITERAL_CONVERSION = YES;
				CLANG_WARN_OBJC_ROOT_CLASS = YES_ERROR;
				CLANG_WARN_QUOTED_INCLUDE_IN_FRAMEWORK_HEADER = YES;
				CLANG_WARN_RANGE_LOOP_ANALYSIS = YES;
				CLANG_WARN_STRICT_PROTOTYPES = YES;
				CLANG_WARN_SUSPICIOUS_MOVE = YES;
				CLANG_WARN_UNGUARDED_AVAILABILITY = YES_AGGRESSIVE;
				CLANG_WARN_UNREACHABLE_CODE = YES;
				CLANG_WARN__DUPLICATE_METHOD_MATCH = YES;
				COPY_PHASE_STRIP = NO;
				DEBUG_INFORMATION_FORMAT = "dwarf-with-dsym";
				ENABLE_NS_ASSERTIONS = NO;
				ENABLE_STRICT_OBJC_MSGSEND = YES;
				GCC_C_LANGUAGE_STANDARD = gnu11;
				GCC_NO_COMMON_BLOCKS = YES;
				GCC_WARN_64_TO_32_BIT_CONVERSION = YES;
				GCC_WARN_ABOUT_RETURN_TYPE = YES_ERROR;
				GCC_WARN_UNDECLARED_SELECTOR = YES;
				GCC_WARN_UNINITIALIZED_AUTOS = YES_AGGRESSIVE;
				GCC_WARN_UNUSED_FUNCTION = YES;
				GCC_WARN_UNUSED_VARIABLE = YES;
				IPHONEOS_DEPLOYMENT_TARGET = 15.0;
				MTL_ENABLE_DEBUG_INFO = NO;
				MTL_FAST_MATH = YES;
				SDKROOT = iphoneos;
				SWIFT_COMPILATION_MODE = wholemodule;
				SWIFT_OPTIMIZATION_LEVEL = "-O";
				VALIDATE_PRODUCT = YES;
			};
			name = Release;
		};
		5534C7E727053C5D0072AC69 /* Debug */ = {
			isa = XCBuildConfiguration;
			buildSettings = {
				ASSETCATALOG_COMPILER_APPICON_NAME = AppIcon;
				ASSETCATALOG_COMPILER_GLOBAL_ACCENT_COLOR_NAME = AccentColor;
				CODE_SIGN_STYLE = Automatic;
				CURRENT_PROJECT_VERSION = 1;
				DEVELOPMENT_ASSET_PATHS = "\"HomeReport/Preview Content\"";
				DEVELOPMENT_TEAM = YVUPDJXNRC;
				ENABLE_PREVIEWS = YES;
				GENERATE_INFOPLIST_FILE = YES;
				INFOPLIST_KEY_UIApplicationSceneManifest_Generation = YES;
				INFOPLIST_KEY_UIApplicationSupportsIndirectInputEvents = YES;
				INFOPLIST_KEY_UILaunchScreen_Generation = YES;
				INFOPLIST_KEY_UISupportedInterfaceOrientations_iPad = "UIInterfaceOrientationPortrait UIInterfaceOrientationPortraitUpsideDown UIInterfaceOrientationLandscapeLeft UIInterfaceOrientationLandscapeRight";
				INFOPLIST_KEY_UISupportedInterfaceOrientations_iPhone = "UIInterfaceOrientationPortrait UIInterfaceOrientationLandscapeLeft UIInterfaceOrientationLandscapeRight";
				IPHONEOS_DEPLOYMENT_TARGET = 14.0;
				LD_RUNPATH_SEARCH_PATHS = (
					"$(inherited)",
					"@executable_path/Frameworks",
				);
				MARKETING_VERSION = 1.0;
				PRODUCT_BUNDLE_IDENTIFIER = com.FelipeVidal.HomeReport;
				PRODUCT_NAME = "$(TARGET_NAME)";
				SWIFT_EMIT_LOC_STRINGS = YES;
				SWIFT_VERSION = 5.0;
				TARGETED_DEVICE_FAMILY = "1,2";
			};
			name = Debug;
		};
		5534C7E827053C5D0072AC69 /* Release */ = {
			isa = XCBuildConfiguration;
			buildSettings = {
				ASSETCATALOG_COMPILER_APPICON_NAME = AppIcon;
				ASSETCATALOG_COMPILER_GLOBAL_ACCENT_COLOR_NAME = AccentColor;
				CODE_SIGN_STYLE = Automatic;
				CURRENT_PROJECT_VERSION = 1;
				DEVELOPMENT_ASSET_PATHS = "\"HomeReport/Preview Content\"";
				DEVELOPMENT_TEAM = YVUPDJXNRC;
				ENABLE_PREVIEWS = YES;
				GENERATE_INFOPLIST_FILE = YES;
				INFOPLIST_KEY_UIApplicationSceneManifest_Generation = YES;
				INFOPLIST_KEY_UIApplicationSupportsIndirectInputEvents = YES;
				INFOPLIST_KEY_UILaunchScreen_Generation = YES;
				INFOPLIST_KEY_UISupportedInterfaceOrientations_iPad = "UIInterfaceOrientationPortrait UIInterfaceOrientationPortraitUpsideDown UIInterfaceOrientationLandscapeLeft UIInterfaceOrientationLandscapeRight";
				INFOPLIST_KEY_UISupportedInterfaceOrientations_iPhone = "UIInterfaceOrientationPortrait UIInterfaceOrientationLandscapeLeft UIInterfaceOrientationLandscapeRight";
				IPHONEOS_DEPLOYMENT_TARGET = 14.0;
				LD_RUNPATH_SEARCH_PATHS = (
					"$(inherited)",
					"@executable_path/Frameworks",
				);
				MARKETING_VERSION = 1.0;
				PRODUCT_BUNDLE_IDENTIFIER = com.FelipeVidal.HomeReport;
				PRODUCT_NAME = "$(TARGET_NAME)";
				SWIFT_EMIT_LOC_STRINGS = YES;
				SWIFT_VERSION = 5.0;
				TARGETED_DEVICE_FAMILY = "1,2";
			};
			name = Release;
		};
		5534C7EA27053C5D0072AC69 /* Debug */ = {
			isa = XCBuildConfiguration;
			buildSettings = {
				ALWAYS_EMBED_SWIFT_STANDARD_LIBRARIES = YES;
				BUNDLE_LOADER = "$(TEST_HOST)";
				CODE_SIGN_STYLE = Automatic;
				CURRENT_PROJECT_VERSION = 1;
				DEVELOPMENT_TEAM = YVUPDJXNRC;
				GENERATE_INFOPLIST_FILE = YES;
				IPHONEOS_DEPLOYMENT_TARGET = 14.0;
				LD_RUNPATH_SEARCH_PATHS = (
					"$(inherited)",
					"@executable_path/Frameworks",
					"@loader_path/Frameworks",
				);
				MARKETING_VERSION = 1.0;
				PRODUCT_BUNDLE_IDENTIFIER = com.FelipeVidal.HomeReportTests;
				PRODUCT_NAME = "$(TARGET_NAME)";
				SWIFT_EMIT_LOC_STRINGS = NO;
				SWIFT_VERSION = 5.0;
				TARGETED_DEVICE_FAMILY = "1,2";
				TEST_HOST = "$(BUILT_PRODUCTS_DIR)/HomeReport.app/HomeReport";
			};
			name = Debug;
		};
		5534C7EB27053C5D0072AC69 /* Release */ = {
			isa = XCBuildConfiguration;
			buildSettings = {
				ALWAYS_EMBED_SWIFT_STANDARD_LIBRARIES = YES;
				BUNDLE_LOADER = "$(TEST_HOST)";
				CODE_SIGN_STYLE = Automatic;
				CURRENT_PROJECT_VERSION = 1;
				DEVELOPMENT_TEAM = YVUPDJXNRC;
				GENERATE_INFOPLIST_FILE = YES;
				IPHONEOS_DEPLOYMENT_TARGET = 14.0;
				LD_RUNPATH_SEARCH_PATHS = (
					"$(inherited)",
					"@executable_path/Frameworks",
					"@loader_path/Frameworks",
				);
				MARKETING_VERSION = 1.0;
				PRODUCT_BUNDLE_IDENTIFIER = com.FelipeVidal.HomeReportTests;
				PRODUCT_NAME = "$(TARGET_NAME)";
				SWIFT_EMIT_LOC_STRINGS = NO;
				SWIFT_VERSION = 5.0;
				TARGETED_DEVICE_FAMILY = "1,2";
				TEST_HOST = "$(BUILT_PRODUCTS_DIR)/HomeReport.app/HomeReport";
			};
			name = Release;
		};
		5534C7ED27053C5D0072AC69 /* Debug */ = {
			isa = XCBuildConfiguration;
			buildSettings = {
				ALWAYS_EMBED_SWIFT_STANDARD_LIBRARIES = YES;
				CODE_SIGN_STYLE = Automatic;
				CURRENT_PROJECT_VERSION = 1;
				DEVELOPMENT_TEAM = YVUPDJXNRC;
				GENERATE_INFOPLIST_FILE = YES;
				LD_RUNPATH_SEARCH_PATHS = (
					"$(inherited)",
					"@executable_path/Frameworks",
					"@loader_path/Frameworks",
				);
				MARKETING_VERSION = 1.0;
				PRODUCT_BUNDLE_IDENTIFIER = com.FelipeVidal.HomeReportUITests;
				PRODUCT_NAME = "$(TARGET_NAME)";
				SWIFT_EMIT_LOC_STRINGS = NO;
				SWIFT_VERSION = 5.0;
				TARGETED_DEVICE_FAMILY = "1,2";
				TEST_TARGET_NAME = HomeReport;
			};
			name = Debug;
		};
		5534C7EE27053C5D0072AC69 /* Release */ = {
			isa = XCBuildConfiguration;
			buildSettings = {
				ALWAYS_EMBED_SWIFT_STANDARD_LIBRARIES = YES;
				CODE_SIGN_STYLE = Automatic;
				CURRENT_PROJECT_VERSION = 1;
				DEVELOPMENT_TEAM = YVUPDJXNRC;
				GENERATE_INFOPLIST_FILE = YES;
				LD_RUNPATH_SEARCH_PATHS = (
					"$(inherited)",
					"@executable_path/Frameworks",
					"@loader_path/Frameworks",
				);
				MARKETING_VERSION = 1.0;
				PRODUCT_BUNDLE_IDENTIFIER = com.FelipeVidal.HomeReportUITests;
				PRODUCT_NAME = "$(TARGET_NAME)";
				SWIFT_EMIT_LOC_STRINGS = NO;
				SWIFT_VERSION = 5.0;
				TARGETED_DEVICE_FAMILY = "1,2";
				TEST_TARGET_NAME = HomeReport;
			};
			name = Release;
		};
/* End XCBuildConfiguration section */

/* Begin XCConfigurationList section */
		5534C7BD27053C5A0072AC69 /* Build configuration list for PBXProject "HomeReport" */ = {
			isa = XCConfigurationList;
			buildConfigurations = (
				5534C7E427053C5D0072AC69 /* Debug */,
				5534C7E527053C5D0072AC69 /* Release */,
			);
			defaultConfigurationIsVisible = 0;
			defaultConfigurationName = Release;
		};
		5534C7E627053C5D0072AC69 /* Build configuration list for PBXNativeTarget "HomeReport" */ = {
			isa = XCConfigurationList;
			buildConfigurations = (
				5534C7E727053C5D0072AC69 /* Debug */,
				5534C7E827053C5D0072AC69 /* Release */,
			);
			defaultConfigurationIsVisible = 0;
			defaultConfigurationName = Release;
		};
		5534C7E927053C5D0072AC69 /* Build configuration list for PBXNativeTarget "HomeReportTests" */ = {
			isa = XCConfigurationList;
			buildConfigurations = (
				5534C7EA27053C5D0072AC69 /* Debug */,
				5534C7EB27053C5D0072AC69 /* Release */,
			);
			defaultConfigurationIsVisible = 0;
			defaultConfigurationName = Release;
		};
		5534C7EC27053C5D0072AC69 /* Build configuration list for PBXNativeTarget "HomeReportUITests" */ = {
			isa = XCConfigurationList;
			buildConfigurations = (
				5534C7ED27053C5D0072AC69 /* Debug */,
				5534C7EE27053C5D0072AC69 /* Release */,
			);
			defaultConfigurationIsVisible = 0;
			defaultConfigurationName = Release;
		};
/* End XCConfigurationList section */

/* Begin XCVersionGroup section */
		5534C7F027053C8F0072AC69 /* HomeReport.xcdatamodeld */ = {
			isa = XCVersionGroup;
			children = (
				5534C7F127053C8F0072AC69 /* HomeReport.xcdatamodel */,
			);
			currentVersion = 5534C7F127053C8F0072AC69 /* HomeReport.xcdatamodel */;
			path = HomeReport.xcdatamodeld;
			sourceTree = "<group>";
			versionGroupType = wrapper.xcdatamodel;
		};
/* End XCVersionGroup section */
	};
	rootObject = 5534C7BA27053C5A0072AC69 /* Project object */;
}
